// !$*UTF8*$!
{
	archiveVersion = 1;
	classes = {
	};
	objectVersion = 77;
	objects = {

/* Begin PBXContainerItemProxy section */
		ABBFD2AA2DBF70B5008D8664 /* PBXContainerItemProxy */ = {
			isa = PBXContainerItemProxy;
			containerPortal = ABBFD2912DBF70B0008D8664 /* Project object */;
			proxyType = 1;
			remoteGlobalIDString = ABBFD2982DBF70B0008D8664;
			remoteInfo = cdb;
		};
		ABBFD2B42DBF70B5008D8664 /* PBXContainerItemProxy */ = {
			isa = PBXContainerItemProxy;
			containerPortal = ABBFD2912DBF70B0008D8664 /* Project object */;
			proxyType = 1;
			remoteGlobalIDString = ABBFD2982DBF70B0008D8664;
			remoteInfo = cdb;
		};
/* End PBXContainerItemProxy section */

/* Begin PBXFileReference section */
		ABBFD2992DBF70B1008D8664 /* cdb.app */ = {isa = PBXFileReference; explicitFileType = wrapper.application; includeInIndex = 0; path = cdb.app; sourceTree = BUILT_PRODUCTS_DIR; };
		ABBFD2A92DBF70B5008D8664 /* cdbTests.xctest */ = {isa = PBXFileReference; explicitFileType = wrapper.cfbundle; includeInIndex = 0; path = cdbTests.xctest; sourceTree = BUILT_PRODUCTS_DIR; };
		ABBFD2B32DBF70B5008D8664 /* cdbUITests.xctest */ = {isa = PBXFileReference; explicitFileType = wrapper.cfbundle; includeInIndex = 0; path = cdbUITests.xctest; sourceTree = BUILT_PRODUCTS_DIR; };
/* End PBXFileReference section */

/* Begin PBXFileSystemSynchronizedRootGroup section */
		ABBFD29B2DBF70B1008D8664 /* cdb */ = {
			isa = PBXFileSystemSynchronizedRootGroup;
			path = cdb;
			sourceTree = "<group>";
		};
		ABBFD2AC2DBF70B5008D8664 /* cdbTests */ = {
			isa = PBXFileSystemSynchronizedRootGroup;
			path = cdbTests;
			sourceTree = "<group>";
		};
		ABBFD2B62DBF70B5008D8664 /* cdbUITests */ = {
			isa = PBXFileSystemSynchronizedRootGroup;
			path = cdbUITests;
			sourceTree = "<group>";
		};
/* End PBXFileSystemSynchronizedRootGroup section */

/* Begin PBXFrameworksBuildPhase section */
		ABBFD2962DBF70B0008D8664 /* Frameworks */ = {
			isa = PBXFrameworksBuildPhase;
			buildActionMask = 2147483647;
			files = (
			);
			runOnlyForDeploymentPostprocessing = 0;
		};
		ABBFD2A62DBF70B5008D8664 /* Frameworks */ = {
			isa = PBXFrameworksBuildPhase;
			buildActionMask = 2147483647;
			files = (
			);
			runOnlyForDeploymentPostprocessing = 0;
		};
		ABBFD2B02DBF70B5008D8664 /* Frameworks */ = {
			isa = PBXFrameworksBuildPhase;
			buildActionMask = 2147483647;
			files = (
			);
			runOnlyForDeploymentPostprocessing = 0;
		};
/* End PBXFrameworksBuildPhase section */

/* Begin PBXGroup section */
		ABBFD2902DBF70B0008D8664 = {
			isa = PBXGroup;
			children = (
				ABBFD29B2DBF70B1008D8664 /* cdb */,
				ABBFD2AC2DBF70B5008D8664 /* cdbTests */,
				ABBFD2B62DBF70B5008D8664 /* cdbUITests */,
				ABBFD29A2DBF70B1008D8664 /* Products */,
			);
			sourceTree = "<group>";
		};
		ABBFD29A2DBF70B1008D8664 /* Products */ = {
			isa = PBXGroup;
			children = (
				ABBFD2992DBF70B1008D8664 /* cdb.app */,
				ABBFD2A92DBF70B5008D8664 /* cdbTests.xctest */,
				ABBFD2B32DBF70B5008D8664 /* cdbUITests.xctest */,
			);
			name = Products;
			sourceTree = "<group>";
		};
/* End PBXGroup section */

/* Begin PBXNativeTarget section */
		ABBFD2982DBF70B0008D8664 /* cdb */ = {
			isa = PBXNativeTarget;
			buildConfigurationList = ABBFD2BD2DBF70B5008D8664 /* Build configuration list for PBXNativeTarget "cdb" */;
			buildPhases = (
				ABBFD2952DBF70B0008D8664 /* Sources */,
				ABBFD2962DBF70B0008D8664 /* Frameworks */,
				ABBFD2972DBF70B0008D8664 /* Resources */,
			);
			buildRules = (
			);
			dependencies = (
			);
			fileSystemSynchronizedGroups = (
				ABBFD29B2DBF70B1008D8664 /* cdb */,
			);
			name = cdb;
			packageProductDependencies = (
			);
			productName = cdb;
			productReference = ABBFD2992DBF70B1008D8664 /* cdb.app */;
			productType = "com.apple.product-type.application";
		};
		ABBFD2A82DBF70B5008D8664 /* cdbTests */ = {
			isa = PBXNativeTarget;
			buildConfigurationList = ABBFD2C02DBF70B5008D8664 /* Build configuration list for PBXNativeTarget "cdbTests" */;
			buildPhases = (
				ABBFD2A52DBF70B5008D8664 /* Sources */,
				ABBFD2A62DBF70B5008D8664 /* Frameworks */,
				ABBFD2A72DBF70B5008D8664 /* Resources */,
			);
			buildRules = (
			);
			dependencies = (
				ABBFD2AB2DBF70B5008D8664 /* PBXTargetDependency */,
			);
			fileSystemSynchronizedGroups = (
				ABBFD2AC2DBF70B5008D8664 /* cdbTests */,
			);
			name = cdbTests;
			packageProductDependencies = (
			);
			productName = cdbTests;
			productReference = ABBFD2A92DBF70B5008D8664 /* cdbTests.xctest */;
			productType = "com.apple.product-type.bundle.unit-test";
		};
		ABBFD2B22DBF70B5008D8664 /* cdbUITests */ = {
			isa = PBXNativeTarget;
			buildConfigurationList = ABBFD2C32DBF70B5008D8664 /* Build configuration list for PBXNativeTarget "cdbUITests" */;
			buildPhases = (
				ABBFD2AF2DBF70B5008D8664 /* Sources */,
				ABBFD2B02DBF70B5008D8664 /* Frameworks */,
				ABBFD2B12DBF70B5008D8664 /* Resources */,
			);
			buildRules = (
			);
			dependencies = (
				ABBFD2B52DBF70B5008D8664 /* PBXTargetDependency */,
			);
			fileSystemSynchronizedGroups = (
				ABBFD2B62DBF70B5008D8664 /* cdbUITests */,
			);
			name = cdbUITests;
			packageProductDependencies = (
			);
			productName = cdbUITests;
			productReference = ABBFD2B32DBF70B5008D8664 /* cdbUITests.xctest */;
			productType = "com.apple.product-type.bundle.ui-testing";
		};
/* End PBXNativeTarget section */

/* Begin PBXProject section */
		ABBFD2912DBF70B0008D8664 /* Project object */ = {
			isa = PBXProject;
			attributes = {
				BuildIndependentTargetsInParallel = 1;
				LastSwiftUpdateCheck = 1620;
				LastUpgradeCheck = 1620;
				TargetAttributes = {
					ABBFD2982DBF70B0008D8664 = {
						CreatedOnToolsVersion = 16.2;
					};
					ABBFD2A82DBF70B5008D8664 = {
						CreatedOnToolsVersion = 16.2;
						TestTargetID = ABBFD2982DBF70B0008D8664;
					};
					ABBFD2B22DBF70B5008D8664 = {
						CreatedOnToolsVersion = 16.2;
						TestTargetID = ABBFD2982DBF70B0008D8664;
					};
				};
			};
			buildConfigurationList = ABBFD2942DBF70B0008D8664 /* Build configuration list for PBXProject "cdb" */;
			developmentRegion = en;
			hasScannedForEncodings = 0;
			knownRegions = (
				en,
				Base,
			);
			mainGroup = ABBFD2902DBF70B0008D8664;
			minimizedProjectReferenceProxies = 1;
			preferredProjectObjectVersion = 77;
			productRefGroup = ABBFD29A2DBF70B1008D8664 /* Products */;
			projectDirPath = "";
			projectRoot = "";
			targets = (
				ABBFD2982DBF70B0008D8664 /* cdb */,
				ABBFD2A82DBF70B5008D8664 /* cdbTests */,
				ABBFD2B22DBF70B5008D8664 /* cdbUITests */,
			);
		};
/* End PBXProject section */

/* Begin PBXResourcesBuildPhase section */
		ABBFD2972DBF70B0008D8664 /* Resources */ = {
			isa = PBXResourcesBuildPhase;
			buildActionMask = 2147483647;
			files = (
			);
			runOnlyForDeploymentPostprocessing = 0;
		};
		ABBFD2A72DBF70B5008D8664 /* Resources */ = {
			isa = PBXResourcesBuildPhase;
			buildActionMask = 2147483647;
			files = (
			);
			runOnlyForDeploymentPostprocessing = 0;
		};
		ABBFD2B12DBF70B5008D8664 /* Resources */ = {
			isa = PBXResourcesBuildPhase;
			buildActionMask = 2147483647;
			files = (
			);
			runOnlyForDeploymentPostprocessing = 0;
		};
/* End PBXResourcesBuildPhase section */

/* Begin PBXSourcesBuildPhase section */
		ABBFD2952DBF70B0008D8664 /* Sources */ = {
			isa = PBXSourcesBuildPhase;
			buildActionMask = 2147483647;
			files = (
			);
			runOnlyForDeploymentPostprocessing = 0;
		};
		ABBFD2A52DBF70B5008D8664 /* Sources */ = {
			isa = PBXSourcesBuildPhase;
			buildActionMask = 2147483647;
			files = (
			);
			runOnlyForDeploymentPostprocessing = 0;
		};
		ABBFD2AF2DBF70B5008D8664 /* Sources */ = {
			isa = PBXSourcesBuildPhase;
			buildActionMask = 2147483647;
			files = (
			);
			runOnlyForDeploymentPostprocessing = 0;
		};
/* End PBXSourcesBuildPhase section */

/* Begin PBXTargetDependency section */
		ABBFD2AB2DBF70B5008D8664 /* PBXTargetDependency */ = {
			isa = PBXTargetDependency;
			target = ABBFD2982DBF70B0008D8664 /* cdb */;
			targetProxy = ABBFD2AA2DBF70B5008D8664 /* PBXContainerItemProxy */;
		};
		ABBFD2B52DBF70B5008D8664 /* PBXTargetDependency */ = {
			isa = PBXTargetDependency;
			target = ABBFD2982DBF70B0008D8664 /* cdb */;
			targetProxy = ABBFD2B42DBF70B5008D8664 /* PBXContainerItemProxy */;
		};
/* End PBXTargetDependency section */

/* Begin XCBuildConfiguration section */
		ABBFD2BB2DBF70B5008D8664 /* Debug */ = {
			isa = XCBuildConfiguration;
			buildSettings = {
				ALWAYS_SEARCH_USER_PATHS = NO;
				ASSETCATALOG_COMPILER_GENERATE_SWIFT_ASSET_SYMBOL_EXTENSIONS = YES;
				CLANG_ANALYZER_NONNULL = YES;
				CLANG_ANALYZER_NUMBER_OBJECT_CONVERSION = YES_AGGRESSIVE;
				CLANG_CXX_LANGUAGE_STANDARD = "gnu++20";
				CLANG_ENABLE_MODULES = YES;
				CLANG_ENABLE_OBJC_ARC = YES;
				CLANG_ENABLE_OBJC_WEAK = YES;
				CLANG_WARN_BLOCK_CAPTURE_AUTORELEASING = YES;
				CLANG_WARN_BOOL_CONVERSION = YES;
				CLANG_WARN_COMMA = YES;
				CLANG_WARN_CONSTANT_CONVERSION = YES;
				CLANG_WARN_DEPRECATED_OBJC_IMPLEMENTATIONS = YES;
				CLANG_WARN_DIRECT_OBJC_ISA_USAGE = YES_ERROR;
				CLANG_WARN_DOCUMENTATION_COMMENTS = YES;
				CLANG_WARN_EMPTY_BODY = YES;
				CLANG_WARN_ENUM_CONVERSION = YES;
				CLANG_WARN_INFINITE_RECURSION = YES;
				CLANG_WARN_INT_CONVERSION = YES;
				CLANG_WARN_NON_LITERAL_NULL_CONVERSION = YES;
				CLANG_WARN_OBJC_IMPLICIT_RETAIN_SELF = YES;
				CLANG_WARN_OBJC_LITERAL_CONVERSION = YES;
				CLANG_WARN_OBJC_ROOT_CLASS = YES_ERROR;
				CLANG_WARN_QUOTED_INCLUDE_IN_FRAMEWORK_HEADER = YES;
				CLANG_WARN_RANGE_LOOP_ANALYSIS = YES;
				CLANG_WARN_STRICT_PROTOTYPES = YES;
				CLANG_WARN_SUSPICIOUS_MOVE = YES;
				CLANG_WARN_UNGUARDED_AVAILABILITY = YES_AGGRESSIVE;
				CLANG_WARN_UNREACHABLE_CODE = YES;
				CLANG_WARN__DUPLICATE_METHOD_MATCH = YES;
				COPY_PHASE_STRIP = NO;
				DEBUG_INFORMATION_FORMAT = dwarf;
				ENABLE_STRICT_OBJC_MSGSEND = YES;
				ENABLE_TESTABILITY = YES;
				ENABLE_USER_SCRIPT_SANDBOXING = YES;
				GCC_C_LANGUAGE_STANDARD = gnu17;
				GCC_DYNAMIC_NO_PIC = NO;
				GCC_NO_COMMON_BLOCKS = YES;
				GCC_OPTIMIZATION_LEVEL = 0;
				GCC_PREPROCESSOR_DEFINITIONS = (
					"DEBUG=1",
					"$(inherited)",
				);
				GCC_WARN_64_TO_32_BIT_CONVERSION = YES;
				GCC_WARN_ABOUT_RETURN_TYPE = YES_ERROR;
				GCC_WARN_UNDECLARED_SELECTOR = YES;
				GCC_WARN_UNINITIALIZED_AUTOS = YES_AGGRESSIVE;
				GCC_WARN_UNUSED_FUNCTION = YES;
				GCC_WARN_UNUSED_VARIABLE = YES;
				IPHONEOS_DEPLOYMENT_TARGET = 18.2;
				LOCALIZATION_PREFERS_STRING_CATALOGS = YES;
				MTL_ENABLE_DEBUG_INFO = INCLUDE_SOURCE;
				MTL_FAST_MATH = YES;
				ONLY_ACTIVE_ARCH = YES;
				SDKROOT = iphoneos;
				SWIFT_ACTIVE_COMPILATION_CONDITIONS = "DEBUG $(inherited)";
				SWIFT_OPTIMIZATION_LEVEL = "-Onone";
			};
			name = Debug;
		};
		ABBFD2BC2DBF70B5008D8664 /* Release */ = {
			isa = XCBuildConfiguration;
			buildSettings = {
				ALWAYS_SEARCH_USER_PATHS = NO;
				ASSETCATALOG_COMPILER_GENERATE_SWIFT_ASSET_SYMBOL_EXTENSIONS = YES;
				CLANG_ANALYZER_NONNULL = YES;
				CLANG_ANALYZER_NUMBER_OBJECT_CONVERSION = YES_AGGRESSIVE;
				CLANG_CXX_LANGUAGE_STANDARD = "gnu++20";
				CLANG_ENABLE_MODULES = YES;
				CLANG_ENABLE_OBJC_ARC = YES;
				CLANG_ENABLE_OBJC_WEAK = YES;
				CLANG_WARN_BLOCK_CAPTURE_AUTORELEASING = YES;
				CLANG_WARN_BOOL_CONVERSION = YES;
				CLANG_WARN_COMMA = YES;
				CLANG_WARN_CONSTANT_CONVERSION = YES;
				CLANG_WARN_DEPRECATED_OBJC_IMPLEMENTATIONS = YES;
				CLANG_WARN_DIRECT_OBJC_ISA_USAGE = YES_ERROR;
				CLANG_WARN_DOCUMENTATION_COMMENTS = YES;
				CLANG_WARN_EMPTY_BODY = YES;
				CLANG_WARN_ENUM_CONVERSION = YES;
				CLANG_WARN_INFINITE_RECURSION = YES;
				CLANG_WARN_INT_CONVERSION = YES;
				CLANG_WARN_NON_LITERAL_NULL_CONVERSION = YES;
				CLANG_WARN_OBJC_IMPLICIT_RETAIN_SELF = YES;
				CLANG_WARN_OBJC_LITERAL_CONVERSION = YES;
				CLANG_WARN_OBJC_ROOT_CLASS = YES_ERROR;
				CLANG_WARN_QUOTED_INCLUDE_IN_FRAMEWORK_HEADER = YES;
				CLANG_WARN_RANGE_LOOP_ANALYSIS = YES;
				CLANG_WARN_STRICT_PROTOTYPES = YES;
				CLANG_WARN_SUSPICIOUS_MOVE = YES;
				CLANG_WARN_UNGUARDED_AVAILABILITY = YES_AGGRESSIVE;
				CLANG_WARN_UNREACHABLE_CODE = YES;
				CLANG_WARN__DUPLICATE_METHOD_MATCH = YES;
				COPY_PHASE_STRIP = NO;
				DEBUG_INFORMATION_FORMAT = "dwarf-with-dsym";
				ENABLE_NS_ASSERTIONS = NO;
				ENABLE_STRICT_OBJC_MSGSEND = YES;
				ENABLE_USER_SCRIPT_SANDBOXING = YES;
				GCC_C_LANGUAGE_STANDARD = gnu17;
				GCC_NO_COMMON_BLOCKS = YES;
				GCC_WARN_64_TO_32_BIT_CONVERSION = YES;
				GCC_WARN_ABOUT_RETURN_TYPE = YES_ERROR;
				GCC_WARN_UNDECLARED_SELECTOR = YES;
				GCC_WARN_UNINITIALIZED_AUTOS = YES_AGGRESSIVE;
				GCC_WARN_UNUSED_FUNCTION = YES;
				GCC_WARN_UNUSED_VARIABLE = YES;
				IPHONEOS_DEPLOYMENT_TARGET = 18.2;
				LOCALIZATION_PREFERS_STRING_CATALOGS = YES;
				MTL_ENABLE_DEBUG_INFO = NO;
				MTL_FAST_MATH = YES;
				SDKROOT = iphoneos;
				SWIFT_COMPILATION_MODE = wholemodule;
				VALIDATE_PRODUCT = YES;
			};
			name = Release;
		};
		ABBFD2BE2DBF70B5008D8664 /* Debug */ = {
			isa = XCBuildConfiguration;
			buildSettings = {
				ASSETCATALOG_COMPILER_APPICON_NAME = AppIcon;
				ASSETCATALOG_COMPILER_GLOBAL_ACCENT_COLOR_NAME = AccentColor;
				CODE_SIGN_STYLE = Automatic;
				CURRENT_PROJECT_VERSION = 1;
				DEVELOPMENT_ASSET_PATHS = "\"cdb/Preview Content\"";
				DEVELOPMENT_TEAM = 47D56D7UPJ;
				ENABLE_PREVIEWS = YES;
				GENERATE_INFOPLIST_FILE = YES;
				INFOPLIST_KEY_NSCameraUsageDescription = "allow this app use camera?";
				INFOPLIST_KEY_UIApplicationSceneManifest_Generation = YES;
				INFOPLIST_KEY_UIApplicationSupportsIndirectInputEvents = YES;
				INFOPLIST_KEY_UILaunchScreen_Generation = YES;
				INFOPLIST_KEY_UISupportedInterfaceOrientations_iPad = "UIInterfaceOrientationPortrait UIInterfaceOrientationPortraitUpsideDown UIInterfaceOrientationLandscapeLeft UIInterfaceOrientationLandscapeRight";
				INFOPLIST_KEY_UISupportedInterfaceOrientations_iPhone = "UIInterfaceOrientationPortrait UIInterfaceOrientationLandscapeLeft UIInterfaceOrientationLandscapeRight";
				LD_RUNPATH_SEARCH_PATHS = (
					"$(inherited)",
					"@executable_path/Frameworks",
				);
				MARKETING_VERSION = 1.0;
				PRODUCT_BUNDLE_IDENTIFIER = slasho.cdb;
				PRODUCT_NAME = "$(TARGET_NAME)";
				SWIFT_EMIT_LOC_STRINGS = YES;
				SWIFT_VERSION = 5.0;
				TARGETED_DEVICE_FAMILY = "1,2";
			};
			name = Debug;
		};
		ABBFD2BF2DBF70B5008D8664 /* Release */ = {
			isa = XCBuildConfiguration;
			buildSettings = {
				ASSETCATALOG_COMPILER_APPICON_NAME = AppIcon;
				ASSETCATALOG_COMPILER_GLOBAL_ACCENT_COLOR_NAME = AccentColor;
				CODE_SIGN_STYLE = Automatic;
				CURRENT_PROJECT_VERSION = 1;
				DEVELOPMENT_ASSET_PATHS = "\"cdb/Preview Content\"";
				DEVELOPMENT_TEAM = 47D56D7UPJ;
				ENABLE_PREVIEWS = YES;
				GENERATE_INFOPLIST_FILE = YES;
				INFOPLIST_KEY_NSCameraUsageDescription = "allow this app use camera?";
				INFOPLIST_KEY_UIApplicationSceneManifest_Generation = YES;
				INFOPLIST_KEY_UIApplicationSupportsIndirectInputEvents = YES;
				INFOPLIST_KEY_UILaunchScreen_Generation = YES;
				INFOPLIST_KEY_UISupportedInterfaceOrientations_iPad = "UIInterfaceOrientationPortrait UIInterfaceOrientationPortraitUpsideDown UIInterfaceOrientationLandscapeLeft UIInterfaceOrientationLandscapeRight";
				INFOPLIST_KEY_UISupportedInterfaceOrientations_iPhone = "UIInterfaceOrientationPortrait UIInterfaceOrientationLandscapeLeft UIInterfaceOrientationLandscapeRight";
				LD_RUNPATH_SEARCH_PATHS = (
					"$(inherited)",
					"@executable_path/Frameworks",
				);
				MARKETING_VERSION = 1.0;
				PRODUCT_BUNDLE_IDENTIFIER = slasho.cdb;
				PRODUCT_NAME = "$(TARGET_NAME)";
				SWIFT_EMIT_LOC_STRINGS = YES;
				SWIFT_VERSION = 5.0;
				TARGETED_DEVICE_FAMILY = "1,2";
			};
			name = Release;
		};
		ABBFD2C12DBF70B5008D8664 /* Debug */ = {
			isa = XCBuildConfiguration;
			buildSettings = {
				BUNDLE_LOADER = "$(TEST_HOST)";
				CODE_SIGN_STYLE = Automatic;
				CURRENT_PROJECT_VERSION = 1;
				DEVELOPMENT_TEAM = 47D56D7UPJ;
				GENERATE_INFOPLIST_FILE = YES;
				IPHONEOS_DEPLOYMENT_TARGET = 18.2;
				MARKETING_VERSION = 1.0;
				PRODUCT_BUNDLE_IDENTIFIER = slasho.cdbTests;
				PRODUCT_NAME = "$(TARGET_NAME)";
				SWIFT_EMIT_LOC_STRINGS = NO;
				SWIFT_VERSION = 5.0;
				TARGETED_DEVICE_FAMILY = "1,2";
				TEST_HOST = "$(BUILT_PRODUCTS_DIR)/cdb.app/$(BUNDLE_EXECUTABLE_FOLDER_PATH)/cdb";
			};
			name = Debug;
		};
		ABBFD2C22DBF70B5008D8664 /* Release */ = {
			isa = XCBuildConfiguration;
			buildSettings = {
				BUNDLE_LOADER = "$(TEST_HOST)";
				CODE_SIGN_STYLE = Automatic;
				CURRENT_PROJECT_VERSION = 1;
				DEVELOPMENT_TEAM = 47D56D7UPJ;
				GENERATE_INFOPLIST_FILE = YES;
				IPHONEOS_DEPLOYMENT_TARGET = 18.2;
				MARKETING_VERSION = 1.0;
				PRODUCT_BUNDLE_IDENTIFIER = slasho.cdbTests;
				PRODUCT_NAME = "$(TARGET_NAME)";
				SWIFT_EMIT_LOC_STRINGS = NO;
				SWIFT_VERSION = 5.0;
				TARGETED_DEVICE_FAMILY = "1,2";
				TEST_HOST = "$(BUILT_PRODUCTS_DIR)/cdb.app/$(BUNDLE_EXECUTABLE_FOLDER_PATH)/cdb";
			};
			name = Release;
		};
		ABBFD2C42DBF70B5008D8664 /* Debug */ = {
			isa = XCBuildConfiguration;
			buildSettings = {
				CODE_SIGN_STYLE = Automatic;
				CURRENT_PROJECT_VERSION = 1;
				DEVELOPMENT_TEAM = 47D56D7UPJ;
				GENERATE_INFOPLIST_FILE = YES;
				MARKETING_VERSION = 1.0;
				PRODUCT_BUNDLE_IDENTIFIER = slasho.cdbUITests;
				PRODUCT_NAME = "$(TARGET_NAME)";
				SWIFT_EMIT_LOC_STRINGS = NO;
				SWIFT_VERSION = 5.0;
				TARGETED_DEVICE_FAMILY = "1,2";
				TEST_TARGET_NAME = cdb;
			};
			name = Debug;
		};
		ABBFD2C52DBF70B5008D8664 /* Release */ = {
			isa = XCBuildConfiguration;
			buildSettings = {
				CODE_SIGN_STYLE = Automatic;
				CURRENT_PROJECT_VERSION = 1;
				DEVELOPMENT_TEAM = 47D56D7UPJ;
				GENERATE_INFOPLIST_FILE = YES;
				MARKETING_VERSION = 1.0;
				PRODUCT_BUNDLE_IDENTIFIER = slasho.cdbUITests;
				PRODUCT_NAME = "$(TARGET_NAME)";
				SWIFT_EMIT_LOC_STRINGS = NO;
				SWIFT_VERSION = 5.0;
				TARGETED_DEVICE_FAMILY = "1,2";
				TEST_TARGET_NAME = cdb;
			};
			name = Release;
		};
/* End XCBuildConfiguration section */

/* Begin XCConfigurationList section */
		ABBFD2942DBF70B0008D8664 /* Build configuration list for PBXProject "cdb" */ = {
			isa = XCConfigurationList;
			buildConfigurations = (
				ABBFD2BB2DBF70B5008D8664 /* Debug */,
				ABBFD2BC2DBF70B5008D8664 /* Release */,
			);
			defaultConfigurationIsVisible = 0;
			defaultConfigurationName = Release;
		};
		ABBFD2BD2DBF70B5008D8664 /* Build configuration list for PBXNativeTarget "cdb" */ = {
			isa = XCConfigurationList;
			buildConfigurations = (
				ABBFD2BE2DBF70B5008D8664 /* Debug */,
				ABBFD2BF2DBF70B5008D8664 /* Release */,
			);
			defaultConfigurationIsVisible = 0;
			defaultConfigurationName = Release;
		};
		ABBFD2C02DBF70B5008D8664 /* Build configuration list for PBXNativeTarget "cdbTests" */ = {
			isa = XCConfigurationList;
			buildConfigurations = (
				ABBFD2C12DBF70B5008D8664 /* Debug */,
				ABBFD2C22DBF70B5008D8664 /* Release */,
			);
			defaultConfigurationIsVisible = 0;
			defaultConfigurationName = Release;
		};
		ABBFD2C32DBF70B5008D8664 /* Build configuration list for PBXNativeTarget "cdbUITests" */ = {
			isa = XCConfigurationList;
			buildConfigurations = (
				ABBFD2C42DBF70B5008D8664 /* Debug */,
				ABBFD2C52DBF70B5008D8664 /* Release */,
			);
			defaultConfigurationIsVisible = 0;
			defaultConfigurationName = Release;
		};
/* End XCConfigurationList section */
	};
	rootObject = ABBFD2912DBF70B0008D8664 /* Project object */;
}
